
Microsoft Visual Studio Solution File, Format Version 12.00
# Visual Studio 15
VisualStudioVersion = 15.0.26124.0
MinimumVisualStudioVersion = 15.0.26124.0
Project("{2150E333-8FDC-42A3-9474-1A3956D46DE8}") = "src", "src", "{2A892936-4558-435C-8814-14086C1796F5}"
EndProject
Project("{FAE04EC0-301F-11D3-BF4B-00C04F79EFBC}") = "GradeBook", "src\GradeBook\GradeBook.csproj", "{45FA26A9-65FB-4C2F-96E5-D75A34607870}"
EndProject
Project("{2150E333-8FDC-42A3-9474-1A3956D46DE8}") = "test", "test", "{7F18898C-4D15-4018-9F44-254129A9E599}"
EndProject
Project("{FAE04EC0-301F-11D3-BF4B-00C04F79EFBC}") = "GradeBook.Tests", "test\GradeBook.Tests\GradeBook.Tests.csproj", "{78701877-84D6-4E27-A650-4EA44ED594CF}"
EndProject
Global
	GlobalSection(SolutionConfigurationPlatforms) = preSolution
		Debug|Any CPU = Debug|Any CPU
		Debug|x64 = Debug|x64
		Debug|x86 = Debug|x86
		Release|Any CPU = Release|Any CPU
		Release|x64 = Release|x64
		Release|x86 = Release|x86
	EndGlobalSection
	GlobalSection(SolutionProperties) = preSolution
		HideSolutionNode = FALSE
	EndGlobalSection
	GlobalSection(ProjectConfigurationPlatforms) = postSolution
		{45FA26A9-65FB-4C2F-96E5-D75A34607870}.Debug|Any CPU.ActiveCfg = Debug|Any CPU
		{45FA26A9-65FB-4C2F-96E5-D75A34607870}.Debug|Any CPU.Build.0 = Debug|Any CPU
		{45FA26A9-65FB-4C2F-96E5-D75A34607870}.Debug|x64.ActiveCfg = Debug|Any CPU
		{45FA26A9-65FB-4C2F-96E5-D75A34607870}.Debug|x64.Build.0 = Debug|Any CPU
		{45FA26A9-65FB-4C2F-96E5-D75A34607870}.Debug|x86.ActiveCfg = Debug|Any CPU
		{45FA26A9-65FB-4C2F-96E5-D75A34607870}.Debug|x86.Build.0 = Debug|Any CPU
		{45FA26A9-65FB-4C2F-96E5-D75A34607870}.Release|Any CPU.ActiveCfg = Release|Any CPU
		{45FA26A9-65FB-4C2F-96E5-D75A34607870}.Release|Any CPU.Build.0 = Release|Any CPU
		{45FA26A9-65FB-4C2F-96E5-D75A34607870}.Release|x64.ActiveCfg = Release|Any CPU
		{45FA26A9-65FB-4C2F-96E5-D75A34607870}.Release|x64.Build.0 = Release|Any CPU
		{45FA26A9-65FB-4C2F-96E5-D75A34607870}.Release|x86.ActiveCfg = Release|Any CPU
		{45FA26A9-65FB-4C2F-96E5-D75A34607870}.Release|x86.Build.0 = Release|Any CPU
		{78701877-84D6-4E27-A650-4EA44ED594CF}.Debug|Any CPU.ActiveCfg = Debug|Any CPU
		{78701877-84D6-4E27-A650-4EA44ED594CF}.Debug|Any CPU.Build.0 = Debug|Any CPU
		{78701877-84D6-4E27-A650-4EA44ED594CF}.Debug|x64.ActiveCfg = Debug|Any CPU
		{78701877-84D6-4E27-A650-4EA44ED594CF}.Debug|x64.Build.0 = Debug|Any CPU
		{78701877-84D6-4E27-A650-4EA44ED594CF}.Debug|x86.ActiveCfg = Debug|Any CPU
		{78701877-84D6-4E27-A650-4EA44ED594CF}.Debug|x86.Build.0 = Debug|Any CPU
		{78701877-84D6-4E27-A650-4EA44ED594CF}.Release|Any CPU.ActiveCfg = Release|Any CPU
		{78701877-84D6-4E27-A650-4EA44ED594CF}.Release|Any CPU.Build.0 = Release|Any CPU
		{78701877-84D6-4E27-A650-4EA44ED594CF}.Release|x64.ActiveCfg = Release|Any CPU
		{78701877-84D6-4E27-A650-4EA44ED594CF}.Release|x64.Build.0 = Release|Any CPU
		{78701877-84D6-4E27-A650-4EA44ED594CF}.Release|x86.ActiveCfg = Release|Any CPU
		{78701877-84D6-4E27-A650-4EA44ED594CF}.Release|x86.Build.0 = Release|Any CPU
	EndGlobalSection
	GlobalSection(NestedProjects) = preSolution
		{45FA26A9-65FB-4C2F-96E5-D75A34607870} = {2A892936-4558-435C-8814-14086C1796F5}
		{78701877-84D6-4E27-A650-4EA44ED594CF} = {7F18898C-4D15-4018-9F44-254129A9E599}
	EndGlobalSection
EndGlobal
